// !$*UTF8*$!
{
	archiveVersion = 1;
	classes = {
	};
	objectVersion = 50;
	objects = {

/* Begin PBXBuildFile section */
		C3D003D0215E7EA10042F12F /* AppDelegate.swift in Sources */ = {isa = PBXBuildFile; fileRef = C3D003CF215E7EA10042F12F /* AppDelegate.swift */; };
		C3D003D5215E7EA10042F12F /* Main.storyboard in Resources */ = {isa = PBXBuildFile; fileRef = C3D003D3215E7EA10042F12F /* Main.storyboard */; };
		C3D003D7215E7EA40042F12F /* Assets.xcassets in Resources */ = {isa = PBXBuildFile; fileRef = C3D003D6215E7EA40042F12F /* Assets.xcassets */; };
		C3D003DA215E7EA40042F12F /* LaunchScreen.storyboard in Resources */ = {isa = PBXBuildFile; fileRef = C3D003D8215E7EA40042F12F /* LaunchScreen.storyboard */; };
		C3D003E4215E7EBB0042F12F /* CloudKit.framework in Frameworks */ = {isa = PBXBuildFile; fileRef = C3D003E3215E7EBB0042F12F /* CloudKit.framework */; };
		C3D003EB215E832A0042F12F /* Contact.swift in Sources */ = {isa = PBXBuildFile; fileRef = C3D003EA215E832A0042F12F /* Contact.swift */; };
		C3D003ED215E85F60042F12F /* ContactController.swift in Sources */ = {isa = PBXBuildFile; fileRef = C3D003EC215E85F60042F12F /* ContactController.swift */; };
		C3D003EF215E8D490042F12F /* ContactListTableViewController.swift in Sources */ = {isa = PBXBuildFile; fileRef = C3D003EE215E8D490042F12F /* ContactListTableViewController.swift */; };
		C3D003F1215E8D570042F12F /* ContactDetailViewController.swift in Sources */ = {isa = PBXBuildFile; fileRef = C3D003F0215E8D570042F12F /* ContactDetailViewController.swift */; };
/* End PBXBuildFile section */

/* Begin PBXFileReference section */
		C3D003CC215E7EA10042F12F /* ContactsCKAssessment.app */ = {isa = PBXFileReference; explicitFileType = wrapper.application; includeInIndex = 0; path = ContactsCKAssessment.app; sourceTree = BUILT_PRODUCTS_DIR; };
		C3D003CF215E7EA10042F12F /* AppDelegate.swift */ = {isa = PBXFileReference; lastKnownFileType = sourcecode.swift; path = AppDelegate.swift; sourceTree = "<group>"; };
		C3D003D4215E7EA10042F12F /* Base */ = {isa = PBXFileReference; lastKnownFileType = file.storyboard; name = Base; path = Base.lproj/Main.storyboard; sourceTree = "<group>"; };
		C3D003D6215E7EA40042F12F /* Assets.xcassets */ = {isa = PBXFileReference; lastKnownFileType = folder.assetcatalog; path = Assets.xcassets; sourceTree = "<group>"; };
		C3D003D9215E7EA40042F12F /* Base */ = {isa = PBXFileReference; lastKnownFileType = file.storyboard; name = Base; path = Base.lproj/LaunchScreen.storyboard; sourceTree = "<group>"; };
		C3D003DB215E7EA40042F12F /* Info.plist */ = {isa = PBXFileReference; lastKnownFileType = text.plist.xml; path = Info.plist; sourceTree = "<group>"; };
		C3D003E1215E7EB80042F12F /* ContactsCKAssessment.entitlements */ = {isa = PBXFileReference; lastKnownFileType = text.plist.entitlements; path = ContactsCKAssessment.entitlements; sourceTree = "<group>"; };
		C3D003E3215E7EBB0042F12F /* CloudKit.framework */ = {isa = PBXFileReference; lastKnownFileType = wrapper.framework; name = CloudKit.framework; path = System/Library/Frameworks/CloudKit.framework; sourceTree = SDKROOT; };
		C3D003EA215E832A0042F12F /* Contact.swift */ = {isa = PBXFileReference; lastKnownFileType = sourcecode.swift; path = Contact.swift; sourceTree = "<group>"; };
		C3D003EC215E85F60042F12F /* ContactController.swift */ = {isa = PBXFileReference; lastKnownFileType = sourcecode.swift; path = ContactController.swift; sourceTree = "<group>"; };
		C3D003EE215E8D490042F12F /* ContactListTableViewController.swift */ = {isa = PBXFileReference; lastKnownFileType = sourcecode.swift; path = ContactListTableViewController.swift; sourceTree = "<group>"; };
		C3D003F0215E8D570042F12F /* ContactDetailViewController.swift */ = {isa = PBXFileReference; lastKnownFileType = sourcecode.swift; path = ContactDetailViewController.swift; sourceTree = "<group>"; };
/* End PBXFileReference section */

/* Begin PBXFrameworksBuildPhase section */
		C3D003C9215E7EA10042F12F /* Frameworks */ = {
			isa = PBXFrameworksBuildPhase;
			buildActionMask = 2147483647;
			files = (
				C3D003E4215E7EBB0042F12F /* CloudKit.framework in Frameworks */,
			);
			runOnlyForDeploymentPostprocessing = 0;
		};
/* End PBXFrameworksBuildPhase section */

/* Begin PBXGroup section */
		C3D003C3215E7EA00042F12F = {
			isa = PBXGroup;
			children = (
				C3D003CE215E7EA10042F12F /* ContactsCKAssessment */,
				C3D003CD215E7EA10042F12F /* Products */,
				C3D003E2215E7EBB0042F12F /* Frameworks */,
			);
			sourceTree = "<group>";
		};
		C3D003CD215E7EA10042F12F /* Products */ = {
			isa = PBXGroup;
			children = (
				C3D003CC215E7EA10042F12F /* ContactsCKAssessment.app */,
			);
			name = Products;
			sourceTree = "<group>";
		};
		C3D003CE215E7EA10042F12F /* ContactsCKAssessment */ = {
			isa = PBXGroup;
			children = (
				C3D003E8215E82E80042F12F /* View Controller */,
				C3D003E7215E82DF0042F12F /* Model Controller */,
				C3D003E6215E82C70042F12F /* Model */,
				C3D003E1215E7EB80042F12F /* ContactsCKAssessment.entitlements */,
				C3D003E5215E7FB80042F12F /* Resources */,
			);
			path = ContactsCKAssessment;
			sourceTree = "<group>";
		};
		C3D003E2215E7EBB0042F12F /* Frameworks */ = {
			isa = PBXGroup;
			children = (
				C3D003E3215E7EBB0042F12F /* CloudKit.framework */,
			);
			name = Frameworks;
			sourceTree = "<group>";
		};
		C3D003E5215E7FB80042F12F /* Resources */ = {
			isa = PBXGroup;
			children = (
				C3D003CF215E7EA10042F12F /* AppDelegate.swift */,
				C3D003D3215E7EA10042F12F /* Main.storyboard */,
				C3D003D6215E7EA40042F12F /* Assets.xcassets */,
				C3D003D8215E7EA40042F12F /* LaunchScreen.storyboard */,
				C3D003DB215E7EA40042F12F /* Info.plist */,
			);
			path = Resources;
			sourceTree = "<group>";
		};
		C3D003E6215E82C70042F12F /* Model */ = {
			isa = PBXGroup;
			children = (
				C3D003EA215E832A0042F12F /* Contact.swift */,
			);
			path = Model;
			sourceTree = "<group>";
		};
		C3D003E7215E82DF0042F12F /* Model Controller */ = {
			isa = PBXGroup;
			children = (
				C3D003EC215E85F60042F12F /* ContactController.swift */,
			);
			path = "Model Controller";
			sourceTree = "<group>";
		};
		C3D003E8215E82E80042F12F /* View Controller */ = {
			isa = PBXGroup;
			children = (
				C3D003EE215E8D490042F12F /* ContactListTableViewController.swift */,
				C3D003F0215E8D570042F12F /* ContactDetailViewController.swift */,
			);
			path = "View Controller";
			sourceTree = "<group>";
		};
/* End PBXGroup section */

/* Begin PBXNativeTarget section */
		C3D003CB215E7EA10042F12F /* ContactsCKAssessment */ = {
			isa = PBXNativeTarget;
			buildConfigurationList = C3D003DE215E7EA40042F12F /* Build configuration list for PBXNativeTarget "ContactsCKAssessment" */;
			buildPhases = (
				C3D003C8215E7EA10042F12F /* Sources */,
				C3D003C9215E7EA10042F12F /* Frameworks */,
				C3D003CA215E7EA10042F12F /* Resources */,
			);
			buildRules = (
			);
			dependencies = (
			);
			name = ContactsCKAssessment;
			productName = ContactsCKAssessment;
			productReference = C3D003CC215E7EA10042F12F /* ContactsCKAssessment.app */;
			productType = "com.apple.product-type.application";
		};
/* End PBXNativeTarget section */

/* Begin PBXProject section */
		C3D003C4215E7EA00042F12F /* Project object */ = {
			isa = PBXProject;
			attributes = {
				LastSwiftUpdateCheck = 1000;
				LastUpgradeCheck = 1000;
				ORGANIZATIONNAME = "Cody Adcock";
				TargetAttributes = {
					C3D003CB215E7EA10042F12F = {
						CreatedOnToolsVersion = 10.0;
						SystemCapabilities = {
							com.apple.Push = {
								enabled = 1;
							};
							com.apple.iCloud = {
								enabled = 1;
							};
						};
					};
				};
			};
			buildConfigurationList = C3D003C7215E7EA00042F12F /* Build configuration list for PBXProject "ContactsCKAssessment" */;
			compatibilityVersion = "Xcode 9.3";
			developmentRegion = en;
			hasScannedForEncodings = 0;
			knownRegions = (
				en,
				Base,
			);
			mainGroup = C3D003C3215E7EA00042F12F;
			productRefGroup = C3D003CD215E7EA10042F12F /* Products */;
			projectDirPath = "";
			projectRoot = "";
			targets = (
				C3D003CB215E7EA10042F12F /* ContactsCKAssessment */,
			);
		};
/* End PBXProject section */

/* Begin PBXResourcesBuildPhase section */
		C3D003CA215E7EA10042F12F /* Resources */ = {
			isa = PBXResourcesBuildPhase;
			buildActionMask = 2147483647;
			files = (
				C3D003DA215E7EA40042F12F /* LaunchScreen.storyboard in Resources */,
				C3D003D7215E7EA40042F12F /* Assets.xcassets in Resources */,
				C3D003D5215E7EA10042F12F /* Main.storyboard in Resources */,
			);
			runOnlyForDeploymentPostprocessing = 0;
		};
/* End PBXResourcesBuildPhase section */

/* Begin PBXSourcesBuildPhase section */
		C3D003C8215E7EA10042F12F /* Sources */ = {
			isa = PBXSourcesBuildPhase;
			buildActionMask = 2147483647;
			files = (
				C3D003EB215E832A0042F12F /* Contact.swift in Sources */,
				C3D003F1215E8D570042F12F /* ContactDetailViewController.swift in Sources */,
				C3D003D0215E7EA10042F12F /* AppDelegate.swift in Sources */,
				C3D003EF215E8D490042F12F /* ContactListTableViewController.swift in Sources */,
				C3D003ED215E85F60042F12F /* ContactController.swift in Sources */,
			);
			runOnlyForDeploymentPostprocessing = 0;
		};
/* End PBXSourcesBuildPhase section */

/* Begin PBXVariantGroup section */
		C3D003D3215E7EA10042F12F /* Main.storyboard */ = {
			isa = PBXVariantGroup;
			children = (
				C3D003D4215E7EA10042F12F /* Base */,
			);
			name = Main.storyboard;
			sourceTree = "<group>";
		};
		C3D003D8215E7EA40042F12F /* LaunchScreen.storyboard */ = {
			isa = PBXVariantGroup;
			children = (
				C3D003D9215E7EA40042F12F /* Base */,
			);
			name = LaunchScreen.storyboard;
			sourceTree = "<group>";
		};
/* End PBXVariantGroup section */

/* Begin XCBuildConfiguration section */
		C3D003DC215E7EA40042F12F /* Debug */ = {
			isa = XCBuildConfiguration;
			buildSettings = {
				ALWAYS_SEARCH_USER_PATHS = NO;
				CLANG_ANALYZER_NONNULL = YES;
				CLANG_ANALYZER_NUMBER_OBJECT_CONVERSION = YES_AGGRESSIVE;
				CLANG_CXX_LANGUAGE_STANDARD = "gnu++14";
				CLANG_CXX_LIBRARY = "libc++";
				CLANG_ENABLE_MODULES = YES;
				CLANG_ENABLE_OBJC_ARC = YES;
				CLANG_ENABLE_OBJC_WEAK = YES;
				CLANG_WARN_BLOCK_CAPTURE_AUTORELEASING = YES;
				CLANG_WARN_BOOL_CONVERSION = YES;
				CLANG_WARN_COMMA = YES;
				CLANG_WARN_CONSTANT_CONVERSION = YES;
				CLANG_WARN_DEPRECATED_OBJC_IMPLEMENTATIONS = YES;
				CLANG_WARN_DIRECT_OBJC_ISA_USAGE = YES_ERROR;
				CLANG_WARN_DOCUMENTATION_COMMENTS = YES;
				CLANG_WARN_EMPTY_BODY = YES;
				CLANG_WARN_ENUM_CONVERSION = YES;
				CLANG_WARN_INFINITE_RECURSION = YES;
				CLANG_WARN_INT_CONVERSION = YES;
				CLANG_WARN_NON_LITERAL_NULL_CONVERSION = YES;
				CLANG_WARN_OBJC_IMPLICIT_RETAIN_SELF = YES;
				CLANG_WARN_OBJC_LITERAL_CONVERSION = YES;
				CLANG_WARN_OBJC_ROOT_CLASS = YES_ERROR;
				CLANG_WARN_RANGE_LOOP_ANALYSIS = YES;
				CLANG_WARN_STRICT_PROTOTYPES = YES;
				CLANG_WARN_SUSPICIOUS_MOVE = YES;
				CLANG_WARN_UNGUARDED_AVAILABILITY = YES_AGGRESSIVE;
				CLANG_WARN_UNREACHABLE_CODE = YES;
				CLANG_WARN__DUPLICATE_METHOD_MATCH = YES;
				CODE_SIGN_IDENTITY = "iPhone Developer";
				COPY_PHASE_STRIP = NO;
				DEBUG_INFORMATION_FORMAT = dwarf;
				ENABLE_STRICT_OBJC_MSGSEND = YES;
				ENABLE_TESTABILITY = YES;
				GCC_C_LANGUAGE_STANDARD = gnu11;
				GCC_DYNAMIC_NO_PIC = NO;
				GCC_NO_COMMON_BLOCKS = YES;
				GCC_OPTIMIZATION_LEVEL = 0;
				GCC_PREPROCESSOR_DEFINITIONS = (
					"DEBUG=1",
					"$(inherited)",
				);
				GCC_WARN_64_TO_32_BIT_CONVERSION = YES;
				GCC_WARN_ABOUT_RETURN_TYPE = YES_ERROR;
				GCC_WARN_UNDECLARED_SELECTOR = YES;
				GCC_WARN_UNINITIALIZED_AUTOS = YES_AGGRESSIVE;
				GCC_WARN_UNUSED_FUNCTION = YES;
				GCC_WARN_UNUSED_VARIABLE = YES;
				IPHONEOS_DEPLOYMENT_TARGET = 12.0;
				MTL_ENABLE_DEBUG_INFO = INCLUDE_SOURCE;
				MTL_FAST_MATH = YES;
				ONLY_ACTIVE_ARCH = YES;
				SDKROOT = iphoneos;
				SWIFT_ACTIVE_COMPILATION_CONDITIONS = DEBUG;
				SWIFT_OPTIMIZATION_LEVEL = "-Onone";
			};
			name = Debug;
		};
		C3D003DD215E7EA40042F12F /* Release */ = {
			isa = XCBuildConfiguration;
			buildSettings = {
				ALWAYS_SEARCH_USER_PATHS = NO;
				CLANG_ANALYZER_NONNULL = YES;
				CLANG_ANALYZER_NUMBER_OBJECT_CONVERSION = YES_AGGRESSIVE;
				CLANG_CXX_LANGUAGE_STANDARD = "gnu++14";
				CLANG_CXX_LIBRARY = "libc++";
				CLANG_ENABLE_MODULES = YES;
				CLANG_ENABLE_OBJC_ARC = YES;
				CLANG_ENABLE_OBJC_WEAK = YES;
				CLANG_WARN_BLOCK_CAPTURE_AUTORELEASING = YES;
				CLANG_WARN_BOOL_CONVERSION = YES;
				CLANG_WARN_COMMA = YES;
				CLANG_WARN_CONSTANT_CONVERSION = YES;
				CLANG_WARN_DEPRECATED_OBJC_IMPLEMENTATIONS = YES;
				CLANG_WARN_DIRECT_OBJC_ISA_USAGE = YES_ERROR;
				CLANG_WARN_DOCUMENTATION_COMMENTS = YES;
				CLANG_WARN_EMPTY_BODY = YES;
				CLANG_WARN_ENUM_CONVERSION = YES;
				CLANG_WARN_INFINITE_RECURSION = YES;
				CLANG_WARN_INT_CONVERSION = YES;
				CLANG_WARN_NON_LITERAL_NULL_CONVERSION = YES;
				CLANG_WARN_OBJC_IMPLICIT_RETAIN_SELF = YES;
				CLANG_WARN_OBJC_LITERAL_CONVERSION = YES;
				CLANG_WARN_OBJC_ROOT_CLASS = YES_ERROR;
				CLANG_WARN_RANGE_LOOP_ANALYSIS = YES;
				CLANG_WARN_STRICT_PROTOTYPES = YES;
				CLANG_WARN_SUSPICIOUS_MOVE = YES;
				CLANG_WARN_UNGUARDED_AVAILABILITY = YES_AGGRESSIVE;
				CLANG_WARN_UNREACHABLE_CODE = YES;
				CLANG_WARN__DUPLICATE_METHOD_MATCH = YES;
				CODE_SIGN_IDENTITY = "iPhone Developer";
				COPY_PHASE_STRIP = NO;
				DEBUG_INFORMATION_FORMAT = "dwarf-with-dsym";
				ENABLE_NS_ASSERTIONS = NO;
				ENABLE_STRICT_OBJC_MSGSEND = YES;
				GCC_C_LANGUAGE_STANDARD = gnu11;
				GCC_NO_COMMON_BLOCKS = YES;
				GCC_WARN_64_TO_32_BIT_CONVERSION = YES;
				GCC_WARN_ABOUT_RETURN_TYPE = YES_ERROR;
				GCC_WARN_UNDECLARED_SELECTOR = YES;
				GCC_WARN_UNINITIALIZED_AUTOS = YES_AGGRESSIVE;
				GCC_WARN_UNUSED_FUNCTION = YES;
				GCC_WARN_UNUSED_VARIABLE = YES;
				IPHONEOS_DEPLOYMENT_TARGET = 12.0;
				MTL_ENABLE_DEBUG_INFO = NO;
				MTL_FAST_MATH = YES;
				SDKROOT = iphoneos;
				SWIFT_COMPILATION_MODE = wholemodule;
				SWIFT_OPTIMIZATION_LEVEL = "-O";
				VALIDATE_PRODUCT = YES;
			};
			name = Release;
		};
		C3D003DF215E7EA40042F12F /* Debug */ = {
			isa = XCBuildConfiguration;
			buildSettings = {
				ASSETCATALOG_COMPILER_APPICON_NAME = AppIcon;
				CODE_SIGN_ENTITLEMENTS = ContactsCKAssessment/ContactsCKAssessment.entitlements;
				CODE_SIGN_STYLE = Automatic;
				DEVELOPMENT_TEAM = 23QW9JU9DK;
				INFOPLIST_FILE = "$(SRCROOT)/ContactsCKAssessment/Resources/Info.plist";
				LD_RUNPATH_SEARCH_PATHS = (
					"$(inherited)",
					"@executable_path/Frameworks",
				);
				PRODUCT_BUNDLE_IDENTIFIER = com.CodyAdcock.ContactsCKAssessment;
				PRODUCT_NAME = "$(TARGET_NAME)";
				SWIFT_VERSION = 4.2;
				TARGETED_DEVICE_FAMILY = "1,2";
			};
			name = Debug;
		};
		C3D003E0215E7EA40042F12F /* Release */ = {
			isa = XCBuildConfiguration;
			buildSettings = {
				ASSETCATALOG_COMPILER_APPICON_NAME = AppIcon;
				CODE_SIGN_ENTITLEMENTS = ContactsCKAssessment/ContactsCKAssessment.entitlements;
				CODE_SIGN_STYLE = Automatic;
				DEVELOPMENT_TEAM = 23QW9JU9DK;
				INFOPLIST_FILE = "$(SRCROOT)/ContactsCKAssessment/Resources/Info.plist";
				LD_RUNPATH_SEARCH_PATHS = (
					"$(inherited)",
					"@executable_path/Frameworks",
				);
				PRODUCT_BUNDLE_IDENTIFIER = com.CodyAdcock.ContactsCKAssessment;
				PRODUCT_NAME = "$(TARGET_NAME)";
				SWIFT_VERSION = 4.2;
				TARGETED_DEVICE_FAMILY = "1,2";
			};
			name = Release;
		};
/* End XCBuildConfiguration section */

/* Begin XCConfigurationList section */
		C3D003C7215E7EA00042F12F /* Build configuration list for PBXProject "ContactsCKAssessment" */ = {
			isa = XCConfigurationList;
			buildConfigurations = (
				C3D003DC215E7EA40042F12F /* Debug */,
				C3D003DD215E7EA40042F12F /* Release */,
			);
			defaultConfigurationIsVisible = 0;
			defaultConfigurationName = Release;
		};
		C3D003DE215E7EA40042F12F /* Build configuration list for PBXNativeTarget "ContactsCKAssessment" */ = {
			isa = XCConfigurationList;
			buildConfigurations = (
				C3D003DF215E7EA40042F12F /* Debug */,
				C3D003E0215E7EA40042F12F /* Release */,
			);
			defaultConfigurationIsVisible = 0;
			defaultConfigurationName = Release;
		};
/* End XCConfigurationList section */
	};
	rootObject = C3D003C4215E7EA00042F12F /* Project object */;
}
